// !$*UTF8*$!
{
	archiveVersion = 1;
	classes = {
	};
	objectVersion = 56;
	objects = {

/* Begin PBXBuildFile section */
		5D67887C85DC8793FCA7B1B5 /* Pods_SportsApp.framework in Frameworks */ = {isa = PBXBuildFile; fileRef = 666ACA4494E05E2614ABD8AA /* Pods_SportsApp.framework */; };
		B0321DD52BFB70E3008DDB26 /* LeaguesTableViewCell.swift in Sources */ = {isa = PBXBuildFile; fileRef = B0321DD32BFB70E3008DDB26 /* LeaguesTableViewCell.swift */; };
		B0321DD62BFB70E3008DDB26 /* LeaguesTableViewCell.xib in Resources */ = {isa = PBXBuildFile; fileRef = B0321DD42BFB70E3008DDB26 /* LeaguesTableViewCell.xib */; };
		B0321DD82BFB720B008DDB26 /* League.swift in Sources */ = {isa = PBXBuildFile; fileRef = B0321DD72BFB720B008DDB26 /* League.swift */; };
		B0321DDA2BFB7469008DDB26 /* NetworkManager.swift in Sources */ = {isa = PBXBuildFile; fileRef = B0321DD92BFB7469008DDB26 /* NetworkManager.swift */; };
		B0321DDC2BFB7544008DDB26 /* Constants.swift in Sources */ = {isa = PBXBuildFile; fileRef = B0321DDB2BFB7544008DDB26 /* Constants.swift */; };
		B0321DDE2BFB7C25008DDB26 /* LeaguesTableViewController.swift in Sources */ = {isa = PBXBuildFile; fileRef = B0321DDD2BFB7C25008DDB26 /* LeaguesTableViewController.swift */; };
		B0A171FA2BF54FD300A12295 /* AppDelegate.swift in Sources */ = {isa = PBXBuildFile; fileRef = B0A171F92BF54FD300A12295 /* AppDelegate.swift */; };
		B0A171FC2BF54FD300A12295 /* SceneDelegate.swift in Sources */ = {isa = PBXBuildFile; fileRef = B0A171FB2BF54FD300A12295 /* SceneDelegate.swift */; };
		B0A171FE2BF54FD300A12295 /* ViewController.swift in Sources */ = {isa = PBXBuildFile; fileRef = B0A171FD2BF54FD300A12295 /* ViewController.swift */; };
		B0A172012BF54FD300A12295 /* Base in Resources */ = {isa = PBXBuildFile; fileRef = B0A172002BF54FD300A12295 /* Base */; };
		B0A172042BF54FD300A12295 /* SportsApp.xcdatamodeld in Sources */ = {isa = PBXBuildFile; fileRef = B0A172022BF54FD300A12295 /* SportsApp.xcdatamodeld */; };
		B0A172062BF54FE000A12295 /* Assets.xcassets in Resources */ = {isa = PBXBuildFile; fileRef = B0A172052BF54FE000A12295 /* Assets.xcassets */; };
		B0A172092BF54FE000A12295 /* Base in Resources */ = {isa = PBXBuildFile; fileRef = B0A172082BF54FE000A12295 /* Base */; };
		B0A172112BF5508400A12295 /* Kotb.storyboard in Resources */ = {isa = PBXBuildFile; fileRef = B0A172102BF5508400A12295 /* Kotb.storyboard */; };
		B0A172132BF5531D00A12295 /* KotbViewController.swift in Sources */ = {isa = PBXBuildFile; fileRef = B0A172122BF5531D00A12295 /* KotbViewController.swift */; };
		E60EA5972BF6888F0063A12D /* HomeScreenCollectionViewController.swift in Sources */ = {isa = PBXBuildFile; fileRef = E60EA5962BF6888F0063A12D /* HomeScreenCollectionViewController.swift */; };
		E60EA5992BF68DB60063A12D /* HomeScreenCell.swift in Sources */ = {isa = PBXBuildFile; fileRef = E60EA5982BF68DB60063A12D /* HomeScreenCell.swift */; };
		E60EA59B2BF68F250063A12D /* football.jpeg in Resources */ = {isa = PBXBuildFile; fileRef = E60EA59A2BF68F250063A12D /* football.jpeg */; };
		E6E9184D2BFB699A0048776B /* Favorite.storyboard in Resources */ = {isa = PBXBuildFile; fileRef = E6E9184C2BFB699A0048776B /* Favorite.storyboard */; };
		E6E9184F2BFB6C500048776B /* FavoriteTableViewController.swift in Sources */ = {isa = PBXBuildFile; fileRef = E6E9184E2BFB6C500048776B /* FavoriteTableViewController.swift */; };
		E6E918522BFB76140048776B /* FavoriteLeague.swift in Sources */ = {isa = PBXBuildFile; fileRef = E6E918512BFB76140048776B /* FavoriteLeague.swift */; };
		E6E918562BFB781D0048776B /* CoreDataManager.swift in Sources */ = {isa = PBXBuildFile; fileRef = E6E918552BFB781D0048776B /* CoreDataManager.swift */; };
		E6E918582BFB83400048776B /* FavoriteViewModel.swift in Sources */ = {isa = PBXBuildFile; fileRef = E6E918572BFB83400048776B /* FavoriteViewModel.swift */; };
/* End PBXBuildFile section */

/* Begin PBXFileReference section */
		07174C6FB4A9D3608AB976C2 /* Pods-SportsApp.debug.xcconfig */ = {isa = PBXFileReference; includeInIndex = 1; lastKnownFileType = text.xcconfig; name = "Pods-SportsApp.debug.xcconfig"; path = "Target Support Files/Pods-SportsApp/Pods-SportsApp.debug.xcconfig"; sourceTree = "<group>"; };
		666ACA4494E05E2614ABD8AA /* Pods_SportsApp.framework */ = {isa = PBXFileReference; explicitFileType = wrapper.framework; includeInIndex = 0; path = Pods_SportsApp.framework; sourceTree = BUILT_PRODUCTS_DIR; };
		6A5AD0B38EFA1CF6B6CE368F /* Pods-SportsApp.release.xcconfig */ = {isa = PBXFileReference; includeInIndex = 1; lastKnownFileType = text.xcconfig; name = "Pods-SportsApp.release.xcconfig"; path = "Target Support Files/Pods-SportsApp/Pods-SportsApp.release.xcconfig"; sourceTree = "<group>"; };
		B0321DD32BFB70E3008DDB26 /* LeaguesTableViewCell.swift */ = {isa = PBXFileReference; lastKnownFileType = sourcecode.swift; path = LeaguesTableViewCell.swift; sourceTree = "<group>"; };
		B0321DD42BFB70E3008DDB26 /* LeaguesTableViewCell.xib */ = {isa = PBXFileReference; lastKnownFileType = file.xib; path = LeaguesTableViewCell.xib; sourceTree = "<group>"; };
		B0321DD72BFB720B008DDB26 /* League.swift */ = {isa = PBXFileReference; lastKnownFileType = sourcecode.swift; path = League.swift; sourceTree = "<group>"; };
		B0321DD92BFB7469008DDB26 /* NetworkManager.swift */ = {isa = PBXFileReference; fileEncoding = 4; lastKnownFileType = sourcecode.swift; path = NetworkManager.swift; sourceTree = "<group>"; };
		B0321DDB2BFB7544008DDB26 /* Constants.swift */ = {isa = PBXFileReference; lastKnownFileType = sourcecode.swift; path = Constants.swift; sourceTree = "<group>"; };
		B0321DDD2BFB7C25008DDB26 /* LeaguesTableViewController.swift */ = {isa = PBXFileReference; lastKnownFileType = sourcecode.swift; path = LeaguesTableViewController.swift; sourceTree = "<group>"; };
		B0A171F62BF54FD300A12295 /* SportsApp.app */ = {isa = PBXFileReference; explicitFileType = wrapper.application; includeInIndex = 0; path = SportsApp.app; sourceTree = BUILT_PRODUCTS_DIR; };
		B0A171F92BF54FD300A12295 /* AppDelegate.swift */ = {isa = PBXFileReference; lastKnownFileType = sourcecode.swift; path = AppDelegate.swift; sourceTree = "<group>"; };
		B0A171FB2BF54FD300A12295 /* SceneDelegate.swift */ = {isa = PBXFileReference; lastKnownFileType = sourcecode.swift; path = SceneDelegate.swift; sourceTree = "<group>"; };
		B0A171FD2BF54FD300A12295 /* ViewController.swift */ = {isa = PBXFileReference; lastKnownFileType = sourcecode.swift; path = ViewController.swift; sourceTree = "<group>"; };
		B0A172002BF54FD300A12295 /* Base */ = {isa = PBXFileReference; lastKnownFileType = file.storyboard; name = Base; path = Base.lproj/Main.storyboard; sourceTree = "<group>"; };
		B0A172032BF54FD300A12295 /* SportsApp.xcdatamodel */ = {isa = PBXFileReference; lastKnownFileType = wrapper.xcdatamodel; path = SportsApp.xcdatamodel; sourceTree = "<group>"; };
		B0A172052BF54FE000A12295 /* Assets.xcassets */ = {isa = PBXFileReference; lastKnownFileType = folder.assetcatalog; path = Assets.xcassets; sourceTree = "<group>"; };
		B0A172082BF54FE000A12295 /* Base */ = {isa = PBXFileReference; lastKnownFileType = file.storyboard; name = Base; path = Base.lproj/LaunchScreen.storyboard; sourceTree = "<group>"; };
		B0A1720A2BF54FE000A12295 /* Info.plist */ = {isa = PBXFileReference; lastKnownFileType = text.plist.xml; path = Info.plist; sourceTree = "<group>"; };
		B0A172102BF5508400A12295 /* Kotb.storyboard */ = {isa = PBXFileReference; lastKnownFileType = file.storyboard; path = Kotb.storyboard; sourceTree = "<group>"; };
		B0A172122BF5531D00A12295 /* KotbViewController.swift */ = {isa = PBXFileReference; lastKnownFileType = sourcecode.swift; path = KotbViewController.swift; sourceTree = "<group>"; };
		E60EA5962BF6888F0063A12D /* HomeScreenCollectionViewController.swift */ = {isa = PBXFileReference; lastKnownFileType = sourcecode.swift; path = HomeScreenCollectionViewController.swift; sourceTree = "<group>"; };
		E60EA5982BF68DB60063A12D /* HomeScreenCell.swift */ = {isa = PBXFileReference; lastKnownFileType = sourcecode.swift; path = HomeScreenCell.swift; sourceTree = "<group>"; };
		E60EA59A2BF68F250063A12D /* football.jpeg */ = {isa = PBXFileReference; lastKnownFileType = image.jpeg; path = football.jpeg; sourceTree = "<group>"; };
		E6E9184C2BFB699A0048776B /* Favorite.storyboard */ = {isa = PBXFileReference; lastKnownFileType = file.storyboard; path = Favorite.storyboard; sourceTree = "<group>"; };
		E6E9184E2BFB6C500048776B /* FavoriteTableViewController.swift */ = {isa = PBXFileReference; lastKnownFileType = sourcecode.swift; path = FavoriteTableViewController.swift; sourceTree = "<group>"; };
		E6E918512BFB76140048776B /* FavoriteLeague.swift */ = {isa = PBXFileReference; lastKnownFileType = sourcecode.swift; path = FavoriteLeague.swift; sourceTree = "<group>"; };
		E6E918552BFB781D0048776B /* CoreDataManager.swift */ = {isa = PBXFileReference; lastKnownFileType = sourcecode.swift; path = CoreDataManager.swift; sourceTree = "<group>"; };
		E6E918572BFB83400048776B /* FavoriteViewModel.swift */ = {isa = PBXFileReference; lastKnownFileType = sourcecode.swift; path = FavoriteViewModel.swift; sourceTree = "<group>"; };
/* End PBXFileReference section */

/* Begin PBXFrameworksBuildPhase section */
		B0A171F32BF54FD200A12295 /* Frameworks */ = {
			isa = PBXFrameworksBuildPhase;
			buildActionMask = 2147483647;
			files = (
				5D67887C85DC8793FCA7B1B5 /* Pods_SportsApp.framework in Frameworks */,
			);
			runOnlyForDeploymentPostprocessing = 0;
		};
/* End PBXFrameworksBuildPhase section */

/* Begin PBXGroup section */
		B0A171ED2BF54FD200A12295 = {
			isa = PBXGroup;
			children = (
				B0A171F82BF54FD300A12295 /* SportsApp */,
				B0A171F72BF54FD300A12295 /* Products */,
				FCCE029F431D2A0D33212523 /* Pods */,
				D9C9B41B30FD0D52429456E0 /* Frameworks */,
			);
			sourceTree = "<group>";
		};
		B0A171F72BF54FD300A12295 /* Products */ = {
			isa = PBXGroup;
			children = (
				B0A171F62BF54FD300A12295 /* SportsApp.app */,
			);
			name = Products;
			sourceTree = "<group>";
		};
		B0A171F82BF54FD300A12295 /* SportsApp */ = {
			isa = PBXGroup;
			children = (
<<<<<<< HEAD
				E6E918532BFB76860048776B /* Services */,
				E6E918502BFB75490048776B /* Model */,
=======
				B0321DD92BFB7469008DDB26 /* NetworkManager.swift */,
>>>>>>> leagues
				B0A171F92BF54FD300A12295 /* AppDelegate.swift */,
				B0A171FB2BF54FD300A12295 /* SceneDelegate.swift */,
				B0A171FD2BF54FD300A12295 /* ViewController.swift */,
				B0A171FF2BF54FD300A12295 /* Main.storyboard */,
				B0A172052BF54FE000A12295 /* Assets.xcassets */,
				E60EA59A2BF68F250063A12D /* football.jpeg */,
				B0A172072BF54FE000A12295 /* LaunchScreen.storyboard */,
				B0A1720A2BF54FE000A12295 /* Info.plist */,
				B0A172022BF54FD300A12295 /* SportsApp.xcdatamodeld */,
				B0A172102BF5508400A12295 /* Kotb.storyboard */,
				B0A172122BF5531D00A12295 /* KotbViewController.swift */,
				E60EA5962BF6888F0063A12D /* HomeScreenCollectionViewController.swift */,
				E60EA5982BF68DB60063A12D /* HomeScreenCell.swift */,
<<<<<<< HEAD
				E6E9184C2BFB699A0048776B /* Favorite.storyboard */,
				E6E9184E2BFB6C500048776B /* FavoriteTableViewController.swift */,
				E6E918572BFB83400048776B /* FavoriteViewModel.swift */,
=======
				B0321DD32BFB70E3008DDB26 /* LeaguesTableViewCell.swift */,
				B0321DD42BFB70E3008DDB26 /* LeaguesTableViewCell.xib */,
				B0321DD72BFB720B008DDB26 /* League.swift */,
				B0321DDB2BFB7544008DDB26 /* Constants.swift */,
				B0321DDD2BFB7C25008DDB26 /* LeaguesTableViewController.swift */,
>>>>>>> leagues
			);
			path = SportsApp;
			sourceTree = "<group>";
		};
		D9C9B41B30FD0D52429456E0 /* Frameworks */ = {
			isa = PBXGroup;
			children = (
				666ACA4494E05E2614ABD8AA /* Pods_SportsApp.framework */,
			);
			name = Frameworks;
			sourceTree = "<group>";
		};
		E6E918502BFB75490048776B /* Model */ = {
			isa = PBXGroup;
			children = (
				E6E918512BFB76140048776B /* FavoriteLeague.swift */,
			);
			path = Model;
			sourceTree = "<group>";
		};
		E6E918532BFB76860048776B /* Services */ = {
			isa = PBXGroup;
			children = (
				E6E918542BFB76920048776B /* Local Service */,
			);
			path = Services;
			sourceTree = "<group>";
		};
		E6E918542BFB76920048776B /* Local Service */ = {
			isa = PBXGroup;
			children = (
				E6E918552BFB781D0048776B /* CoreDataManager.swift */,
			);
			path = "Local Service";
			sourceTree = "<group>";
		};
		FCCE029F431D2A0D33212523 /* Pods */ = {
			isa = PBXGroup;
			children = (
				07174C6FB4A9D3608AB976C2 /* Pods-SportsApp.debug.xcconfig */,
				6A5AD0B38EFA1CF6B6CE368F /* Pods-SportsApp.release.xcconfig */,
			);
			path = Pods;
			sourceTree = "<group>";
		};
/* End PBXGroup section */

/* Begin PBXNativeTarget section */
		B0A171F52BF54FD200A12295 /* SportsApp */ = {
			isa = PBXNativeTarget;
			buildConfigurationList = B0A1720D2BF54FE000A12295 /* Build configuration list for PBXNativeTarget "SportsApp" */;
			buildPhases = (
				C37FE050DAC856609A4310E0 /* [CP] Check Pods Manifest.lock */,
				B0A171F22BF54FD200A12295 /* Sources */,
				B0A171F32BF54FD200A12295 /* Frameworks */,
				B0A171F42BF54FD200A12295 /* Resources */,
				AF4057E2825652D238A0B483 /* [CP] Embed Pods Frameworks */,
			);
			buildRules = (
			);
			dependencies = (
			);
			name = SportsApp;
			productName = SportsApp;
			productReference = B0A171F62BF54FD300A12295 /* SportsApp.app */;
			productType = "com.apple.product-type.application";
		};
/* End PBXNativeTarget section */

/* Begin PBXProject section */
		B0A171EE2BF54FD200A12295 /* Project object */ = {
			isa = PBXProject;
			attributes = {
				BuildIndependentTargetsInParallel = 1;
				LastSwiftUpdateCheck = 1530;
				LastUpgradeCheck = 1530;
				TargetAttributes = {
					B0A171F52BF54FD200A12295 = {
						CreatedOnToolsVersion = 15.3;
					};
				};
			};
			buildConfigurationList = B0A171F12BF54FD200A12295 /* Build configuration list for PBXProject "SportsApp" */;
			compatibilityVersion = "Xcode 14.0";
			developmentRegion = en;
			hasScannedForEncodings = 0;
			knownRegions = (
				en,
				Base,
			);
			mainGroup = B0A171ED2BF54FD200A12295;
			productRefGroup = B0A171F72BF54FD300A12295 /* Products */;
			projectDirPath = "";
			projectRoot = "";
			targets = (
				B0A171F52BF54FD200A12295 /* SportsApp */,
			);
		};
/* End PBXProject section */

/* Begin PBXResourcesBuildPhase section */
		B0A171F42BF54FD200A12295 /* Resources */ = {
			isa = PBXResourcesBuildPhase;
			buildActionMask = 2147483647;
			files = (
				B0A172062BF54FE000A12295 /* Assets.xcassets in Resources */,
				B0A172092BF54FE000A12295 /* Base in Resources */,
				E6E9184D2BFB699A0048776B /* Favorite.storyboard in Resources */,
				E60EA59B2BF68F250063A12D /* football.jpeg in Resources */,
				B0A172112BF5508400A12295 /* Kotb.storyboard in Resources */,
				B0321DD62BFB70E3008DDB26 /* LeaguesTableViewCell.xib in Resources */,
				B0A172012BF54FD300A12295 /* Base in Resources */,
			);
			runOnlyForDeploymentPostprocessing = 0;
		};
/* End PBXResourcesBuildPhase section */

/* Begin PBXShellScriptBuildPhase section */
		AF4057E2825652D238A0B483 /* [CP] Embed Pods Frameworks */ = {
			isa = PBXShellScriptBuildPhase;
			buildActionMask = 2147483647;
			files = (
			);
			inputFileListPaths = (
				"${PODS_ROOT}/Target Support Files/Pods-SportsApp/Pods-SportsApp-frameworks-${CONFIGURATION}-input-files.xcfilelist",
			);
			name = "[CP] Embed Pods Frameworks";
			outputFileListPaths = (
				"${PODS_ROOT}/Target Support Files/Pods-SportsApp/Pods-SportsApp-frameworks-${CONFIGURATION}-output-files.xcfilelist",
			);
			runOnlyForDeploymentPostprocessing = 0;
			shellPath = /bin/sh;
			shellScript = "\"${PODS_ROOT}/Target Support Files/Pods-SportsApp/Pods-SportsApp-frameworks.sh\"\n";
			showEnvVarsInLog = 0;
		};
		C37FE050DAC856609A4310E0 /* [CP] Check Pods Manifest.lock */ = {
			isa = PBXShellScriptBuildPhase;
			buildActionMask = 2147483647;
			files = (
			);
			inputFileListPaths = (
			);
			inputPaths = (
				"${PODS_PODFILE_DIR_PATH}/Podfile.lock",
				"${PODS_ROOT}/Manifest.lock",
			);
			name = "[CP] Check Pods Manifest.lock";
			outputFileListPaths = (
			);
			outputPaths = (
				"$(DERIVED_FILE_DIR)/Pods-SportsApp-checkManifestLockResult.txt",
			);
			runOnlyForDeploymentPostprocessing = 0;
			shellPath = /bin/sh;
			shellScript = "diff \"${PODS_PODFILE_DIR_PATH}/Podfile.lock\" \"${PODS_ROOT}/Manifest.lock\" > /dev/null\nif [ $? != 0 ] ; then\n    # print error to STDERR\n    echo \"error: The sandbox is not in sync with the Podfile.lock. Run 'pod install' or update your CocoaPods installation.\" >&2\n    exit 1\nfi\n# This output is used by Xcode 'outputs' to avoid re-running this script phase.\necho \"SUCCESS\" > \"${SCRIPT_OUTPUT_FILE_0}\"\n";
			showEnvVarsInLog = 0;
		};
/* End PBXShellScriptBuildPhase section */

/* Begin PBXSourcesBuildPhase section */
		B0A171F22BF54FD200A12295 /* Sources */ = {
			isa = PBXSourcesBuildPhase;
			buildActionMask = 2147483647;
			files = (
				B0321DDE2BFB7C25008DDB26 /* LeaguesTableViewController.swift in Sources */,
				B0A171FE2BF54FD300A12295 /* ViewController.swift in Sources */,
				E6E9184F2BFB6C500048776B /* FavoriteTableViewController.swift in Sources */,
				B0A171FA2BF54FD300A12295 /* AppDelegate.swift in Sources */,
				E6E918522BFB76140048776B /* FavoriteLeague.swift in Sources */,
				B0A172132BF5531D00A12295 /* KotbViewController.swift in Sources */,
				B0321DDA2BFB7469008DDB26 /* NetworkManager.swift in Sources */,
				B0A172042BF54FD300A12295 /* SportsApp.xcdatamodeld in Sources */,
				B0A171FC2BF54FD300A12295 /* SceneDelegate.swift in Sources */,
				E60EA5992BF68DB60063A12D /* HomeScreenCell.swift in Sources */,
<<<<<<< HEAD
				E6E918562BFB781D0048776B /* CoreDataManager.swift in Sources */,
				E60EA5972BF6888F0063A12D /* HomeScreenCollectionViewController.swift in Sources */,
				E6E918582BFB83400048776B /* FavoriteViewModel.swift in Sources */,
=======
				B0321DD52BFB70E3008DDB26 /* LeaguesTableViewCell.swift in Sources */,
				B0321DD82BFB720B008DDB26 /* League.swift in Sources */,
				E60EA5972BF6888F0063A12D /* HomeScreenCollectionViewController.swift in Sources */,
				B0321DDC2BFB7544008DDB26 /* Constants.swift in Sources */,
>>>>>>> leagues
			);
			runOnlyForDeploymentPostprocessing = 0;
		};
/* End PBXSourcesBuildPhase section */

/* Begin PBXVariantGroup section */
		B0A171FF2BF54FD300A12295 /* Main.storyboard */ = {
			isa = PBXVariantGroup;
			children = (
				B0A172002BF54FD300A12295 /* Base */,
			);
			name = Main.storyboard;
			sourceTree = "<group>";
		};
		B0A172072BF54FE000A12295 /* LaunchScreen.storyboard */ = {
			isa = PBXVariantGroup;
			children = (
				B0A172082BF54FE000A12295 /* Base */,
			);
			name = LaunchScreen.storyboard;
			sourceTree = "<group>";
		};
/* End PBXVariantGroup section */

/* Begin XCBuildConfiguration section */
		B0A1720B2BF54FE000A12295 /* Debug */ = {
			isa = XCBuildConfiguration;
			buildSettings = {
				ALWAYS_SEARCH_USER_PATHS = NO;
				ASSETCATALOG_COMPILER_GENERATE_SWIFT_ASSET_SYMBOL_EXTENSIONS = YES;
				CLANG_ANALYZER_NONNULL = YES;
				CLANG_ANALYZER_NUMBER_OBJECT_CONVERSION = YES_AGGRESSIVE;
				CLANG_CXX_LANGUAGE_STANDARD = "gnu++20";
				CLANG_ENABLE_MODULES = YES;
				CLANG_ENABLE_OBJC_ARC = YES;
				CLANG_ENABLE_OBJC_WEAK = YES;
				CLANG_WARN_BLOCK_CAPTURE_AUTORELEASING = YES;
				CLANG_WARN_BOOL_CONVERSION = YES;
				CLANG_WARN_COMMA = YES;
				CLANG_WARN_CONSTANT_CONVERSION = YES;
				CLANG_WARN_DEPRECATED_OBJC_IMPLEMENTATIONS = YES;
				CLANG_WARN_DIRECT_OBJC_ISA_USAGE = YES_ERROR;
				CLANG_WARN_DOCUMENTATION_COMMENTS = YES;
				CLANG_WARN_EMPTY_BODY = YES;
				CLANG_WARN_ENUM_CONVERSION = YES;
				CLANG_WARN_INFINITE_RECURSION = YES;
				CLANG_WARN_INT_CONVERSION = YES;
				CLANG_WARN_NON_LITERAL_NULL_CONVERSION = YES;
				CLANG_WARN_OBJC_IMPLICIT_RETAIN_SELF = YES;
				CLANG_WARN_OBJC_LITERAL_CONVERSION = YES;
				CLANG_WARN_OBJC_ROOT_CLASS = YES_ERROR;
				CLANG_WARN_QUOTED_INCLUDE_IN_FRAMEWORK_HEADER = YES;
				CLANG_WARN_RANGE_LOOP_ANALYSIS = YES;
				CLANG_WARN_STRICT_PROTOTYPES = YES;
				CLANG_WARN_SUSPICIOUS_MOVE = YES;
				CLANG_WARN_UNGUARDED_AVAILABILITY = YES_AGGRESSIVE;
				CLANG_WARN_UNREACHABLE_CODE = YES;
				CLANG_WARN__DUPLICATE_METHOD_MATCH = YES;
				COPY_PHASE_STRIP = NO;
				DEBUG_INFORMATION_FORMAT = dwarf;
				ENABLE_STRICT_OBJC_MSGSEND = YES;
				ENABLE_TESTABILITY = YES;
				ENABLE_USER_SCRIPT_SANDBOXING = NO;
				GCC_C_LANGUAGE_STANDARD = gnu17;
				GCC_DYNAMIC_NO_PIC = NO;
				GCC_NO_COMMON_BLOCKS = YES;
				GCC_OPTIMIZATION_LEVEL = 0;
				GCC_PREPROCESSOR_DEFINITIONS = (
					"DEBUG=1",
					"$(inherited)",
				);
				GCC_WARN_64_TO_32_BIT_CONVERSION = YES;
				GCC_WARN_ABOUT_RETURN_TYPE = YES_ERROR;
				GCC_WARN_UNDECLARED_SELECTOR = YES;
				GCC_WARN_UNINITIALIZED_AUTOS = YES_AGGRESSIVE;
				GCC_WARN_UNUSED_FUNCTION = YES;
				GCC_WARN_UNUSED_VARIABLE = YES;
				IPHONEOS_DEPLOYMENT_TARGET = 17.4;
				LOCALIZATION_PREFERS_STRING_CATALOGS = YES;
				MTL_ENABLE_DEBUG_INFO = INCLUDE_SOURCE;
				MTL_FAST_MATH = YES;
				ONLY_ACTIVE_ARCH = YES;
				SDKROOT = iphoneos;
				SWIFT_ACTIVE_COMPILATION_CONDITIONS = "DEBUG $(inherited)";
				SWIFT_OPTIMIZATION_LEVEL = "-Onone";
			};
			name = Debug;
		};
		B0A1720C2BF54FE000A12295 /* Release */ = {
			isa = XCBuildConfiguration;
			buildSettings = {
				ALWAYS_SEARCH_USER_PATHS = NO;
				ASSETCATALOG_COMPILER_GENERATE_SWIFT_ASSET_SYMBOL_EXTENSIONS = YES;
				CLANG_ANALYZER_NONNULL = YES;
				CLANG_ANALYZER_NUMBER_OBJECT_CONVERSION = YES_AGGRESSIVE;
				CLANG_CXX_LANGUAGE_STANDARD = "gnu++20";
				CLANG_ENABLE_MODULES = YES;
				CLANG_ENABLE_OBJC_ARC = YES;
				CLANG_ENABLE_OBJC_WEAK = YES;
				CLANG_WARN_BLOCK_CAPTURE_AUTORELEASING = YES;
				CLANG_WARN_BOOL_CONVERSION = YES;
				CLANG_WARN_COMMA = YES;
				CLANG_WARN_CONSTANT_CONVERSION = YES;
				CLANG_WARN_DEPRECATED_OBJC_IMPLEMENTATIONS = YES;
				CLANG_WARN_DIRECT_OBJC_ISA_USAGE = YES_ERROR;
				CLANG_WARN_DOCUMENTATION_COMMENTS = YES;
				CLANG_WARN_EMPTY_BODY = YES;
				CLANG_WARN_ENUM_CONVERSION = YES;
				CLANG_WARN_INFINITE_RECURSION = YES;
				CLANG_WARN_INT_CONVERSION = YES;
				CLANG_WARN_NON_LITERAL_NULL_CONVERSION = YES;
				CLANG_WARN_OBJC_IMPLICIT_RETAIN_SELF = YES;
				CLANG_WARN_OBJC_LITERAL_CONVERSION = YES;
				CLANG_WARN_OBJC_ROOT_CLASS = YES_ERROR;
				CLANG_WARN_QUOTED_INCLUDE_IN_FRAMEWORK_HEADER = YES;
				CLANG_WARN_RANGE_LOOP_ANALYSIS = YES;
				CLANG_WARN_STRICT_PROTOTYPES = YES;
				CLANG_WARN_SUSPICIOUS_MOVE = YES;
				CLANG_WARN_UNGUARDED_AVAILABILITY = YES_AGGRESSIVE;
				CLANG_WARN_UNREACHABLE_CODE = YES;
				CLANG_WARN__DUPLICATE_METHOD_MATCH = YES;
				COPY_PHASE_STRIP = NO;
				DEBUG_INFORMATION_FORMAT = "dwarf-with-dsym";
				ENABLE_NS_ASSERTIONS = NO;
				ENABLE_STRICT_OBJC_MSGSEND = YES;
				ENABLE_USER_SCRIPT_SANDBOXING = NO;
				GCC_C_LANGUAGE_STANDARD = gnu17;
				GCC_NO_COMMON_BLOCKS = YES;
				GCC_WARN_64_TO_32_BIT_CONVERSION = YES;
				GCC_WARN_ABOUT_RETURN_TYPE = YES_ERROR;
				GCC_WARN_UNDECLARED_SELECTOR = YES;
				GCC_WARN_UNINITIALIZED_AUTOS = YES_AGGRESSIVE;
				GCC_WARN_UNUSED_FUNCTION = YES;
				GCC_WARN_UNUSED_VARIABLE = YES;
				IPHONEOS_DEPLOYMENT_TARGET = 17.4;
				LOCALIZATION_PREFERS_STRING_CATALOGS = YES;
				MTL_ENABLE_DEBUG_INFO = NO;
				MTL_FAST_MATH = YES;
				SDKROOT = iphoneos;
				SWIFT_COMPILATION_MODE = wholemodule;
				VALIDATE_PRODUCT = YES;
			};
			name = Release;
		};
		B0A1720E2BF54FE000A12295 /* Debug */ = {
			isa = XCBuildConfiguration;
			baseConfigurationReference = 07174C6FB4A9D3608AB976C2 /* Pods-SportsApp.debug.xcconfig */;
			buildSettings = {
				ASSETCATALOG_COMPILER_APPICON_NAME = AppIcon;
				ASSETCATALOG_COMPILER_GLOBAL_ACCENT_COLOR_NAME = AccentColor;
				CODE_SIGN_STYLE = Automatic;
				CURRENT_PROJECT_VERSION = 1;
				DEVELOPMENT_TEAM = J262XFQ872;
				GENERATE_INFOPLIST_FILE = YES;
				INFOPLIST_FILE = SportsApp/Info.plist;
				INFOPLIST_KEY_UIApplicationSupportsIndirectInputEvents = YES;
				INFOPLIST_KEY_UILaunchStoryboardName = LaunchScreen;
				INFOPLIST_KEY_UIMainStoryboardFile = Main;
				INFOPLIST_KEY_UISupportedInterfaceOrientations_iPad = "UIInterfaceOrientationPortrait UIInterfaceOrientationPortraitUpsideDown UIInterfaceOrientationLandscapeLeft UIInterfaceOrientationLandscapeRight";
				INFOPLIST_KEY_UISupportedInterfaceOrientations_iPhone = "UIInterfaceOrientationPortrait UIInterfaceOrientationLandscapeLeft UIInterfaceOrientationLandscapeRight";
				LD_RUNPATH_SEARCH_PATHS = (
					"$(inherited)",
					"@executable_path/Frameworks",
				);
				MARKETING_VERSION = 1.0;
				PRODUCT_BUNDLE_IDENTIFIER = com.example.SportsApp;
				PRODUCT_NAME = "$(TARGET_NAME)";
				SWIFT_EMIT_LOC_STRINGS = YES;
				SWIFT_VERSION = 5.0;
				TARGETED_DEVICE_FAMILY = "1,2";
			};
			name = Debug;
		};
		B0A1720F2BF54FE000A12295 /* Release */ = {
			isa = XCBuildConfiguration;
			baseConfigurationReference = 6A5AD0B38EFA1CF6B6CE368F /* Pods-SportsApp.release.xcconfig */;
			buildSettings = {
				ASSETCATALOG_COMPILER_APPICON_NAME = AppIcon;
				ASSETCATALOG_COMPILER_GLOBAL_ACCENT_COLOR_NAME = AccentColor;
				CODE_SIGN_STYLE = Automatic;
				CURRENT_PROJECT_VERSION = 1;
				DEVELOPMENT_TEAM = J262XFQ872;
				GENERATE_INFOPLIST_FILE = YES;
				INFOPLIST_FILE = SportsApp/Info.plist;
				INFOPLIST_KEY_UIApplicationSupportsIndirectInputEvents = YES;
				INFOPLIST_KEY_UILaunchStoryboardName = LaunchScreen;
				INFOPLIST_KEY_UIMainStoryboardFile = Main;
				INFOPLIST_KEY_UISupportedInterfaceOrientations_iPad = "UIInterfaceOrientationPortrait UIInterfaceOrientationPortraitUpsideDown UIInterfaceOrientationLandscapeLeft UIInterfaceOrientationLandscapeRight";
				INFOPLIST_KEY_UISupportedInterfaceOrientations_iPhone = "UIInterfaceOrientationPortrait UIInterfaceOrientationLandscapeLeft UIInterfaceOrientationLandscapeRight";
				LD_RUNPATH_SEARCH_PATHS = (
					"$(inherited)",
					"@executable_path/Frameworks",
				);
				MARKETING_VERSION = 1.0;
				PRODUCT_BUNDLE_IDENTIFIER = com.example.SportsApp;
				PRODUCT_NAME = "$(TARGET_NAME)";
				SWIFT_EMIT_LOC_STRINGS = YES;
				SWIFT_VERSION = 5.0;
				TARGETED_DEVICE_FAMILY = "1,2";
			};
			name = Release;
		};
/* End XCBuildConfiguration section */

/* Begin XCConfigurationList section */
		B0A171F12BF54FD200A12295 /* Build configuration list for PBXProject "SportsApp" */ = {
			isa = XCConfigurationList;
			buildConfigurations = (
				B0A1720B2BF54FE000A12295 /* Debug */,
				B0A1720C2BF54FE000A12295 /* Release */,
			);
			defaultConfigurationIsVisible = 0;
			defaultConfigurationName = Release;
		};
		B0A1720D2BF54FE000A12295 /* Build configuration list for PBXNativeTarget "SportsApp" */ = {
			isa = XCConfigurationList;
			buildConfigurations = (
				B0A1720E2BF54FE000A12295 /* Debug */,
				B0A1720F2BF54FE000A12295 /* Release */,
			);
			defaultConfigurationIsVisible = 0;
			defaultConfigurationName = Release;
		};
/* End XCConfigurationList section */

/* Begin XCVersionGroup section */
		B0A172022BF54FD300A12295 /* SportsApp.xcdatamodeld */ = {
			isa = XCVersionGroup;
			children = (
				B0A172032BF54FD300A12295 /* SportsApp.xcdatamodel */,
			);
			currentVersion = B0A172032BF54FD300A12295 /* SportsApp.xcdatamodel */;
			path = SportsApp.xcdatamodeld;
			sourceTree = "<group>";
			versionGroupType = wrapper.xcdatamodel;
		};
/* End XCVersionGroup section */
	};
	rootObject = B0A171EE2BF54FD200A12295 /* Project object */;
}
